
Microsoft Visual Studio Solution File, Format Version 12.00
# Visual Studio 15
VisualStudioVersion = 15.0.27406.0
MinimumVisualStudioVersion = 10.0.40219.1
Project("{FAE04EC0-301F-11D3-BF4B-00C04F79EFBC}") = "MvxFormsVmDuplication.Android", "MvxFormsVmDuplication\MvxFormsVmDuplication.Android\MvxFormsVmDuplication.Android.csproj", "{6A50AB22-1687-419D-847E-4EDE0B3CF6BF}"
EndProject
Project("{FAE04EC0-301F-11D3-BF4B-00C04F79EFBC}") = "MvxFormsVmDuplication.UWP", "MvxFormsVmDuplication\MvxFormsVmDuplication.UWP\MvxFormsVmDuplication.UWP.csproj", "{A1EA6D95-F12F-48C1-9302-6954601B511D}"
EndProject
Project("{9A19103F-16F7-4668-BE54-9A1E7A4F7556}") = "MvxFormsVmDuplication.UI", "MvxFormsVmDuplication\MvxFormsVmDuplication.UI\MvxFormsVmDuplication.UI.csproj", "{185B7CC7-9023-4CF7-923F-9F6523A2D509}"
EndProject
Project("{9A19103F-16F7-4668-BE54-9A1E7A4F7556}") = "MvxFormsVmDuplication.Core", "MvxFormsVmDuplication\MvxFormsVmDuplication.Core\MvxFormsVmDuplication.Core.csproj", "{22309E49-1510-4539-8AB8-A8C4AE7CB642}"
EndProject
Global
	GlobalSection(SolutionConfigurationPlatforms) = preSolution
		Debug|Any CPU = Debug|Any CPU
		Debug|ARM = Debug|ARM
		Debug|x64 = Debug|x64
		Debug|x86 = Debug|x86
		Release|Any CPU = Release|Any CPU
		Release|ARM = Release|ARM
		Release|x64 = Release|x64
		Release|x86 = Release|x86
	EndGlobalSection
	GlobalSection(ProjectConfigurationPlatforms) = postSolution
		{6A50AB22-1687-419D-847E-4EDE0B3CF6BF}.Debug|Any CPU.ActiveCfg = Debug|Any CPU
		{6A50AB22-1687-419D-847E-4EDE0B3CF6BF}.Debug|Any CPU.Build.0 = Debug|Any CPU
		{6A50AB22-1687-419D-847E-4EDE0B3CF6BF}.Debug|Any CPU.Deploy.0 = Debug|Any CPU
		{6A50AB22-1687-419D-847E-4EDE0B3CF6BF}.Debug|ARM.ActiveCfg = Debug|Any CPU
		{6A50AB22-1687-419D-847E-4EDE0B3CF6BF}.Debug|ARM.Build.0 = Debug|Any CPU
		{6A50AB22-1687-419D-847E-4EDE0B3CF6BF}.Debug|ARM.Deploy.0 = Debug|Any CPU
		{6A50AB22-1687-419D-847E-4EDE0B3CF6BF}.Debug|x64.ActiveCfg = Debug|Any CPU
		{6A50AB22-1687-419D-847E-4EDE0B3CF6BF}.Debug|x64.Build.0 = Debug|Any CPU
		{6A50AB22-1687-419D-847E-4EDE0B3CF6BF}.Debug|x64.Deploy.0 = Debug|Any CPU
		{6A50AB22-1687-419D-847E-4EDE0B3CF6BF}.Debug|x86.ActiveCfg = Debug|Any CPU
		{6A50AB22-1687-419D-847E-4EDE0B3CF6BF}.Debug|x86.Build.0 = Debug|Any CPU
		{6A50AB22-1687-419D-847E-4EDE0B3CF6BF}.Debug|x86.Deploy.0 = Debug|Any CPU
		{6A50AB22-1687-419D-847E-4EDE0B3CF6BF}.Release|Any CPU.ActiveCfg = Release|Any CPU
		{6A50AB22-1687-419D-847E-4EDE0B3CF6BF}.Release|Any CPU.Build.0 = Release|Any CPU
		{6A50AB22-1687-419D-847E-4EDE0B3CF6BF}.Release|Any CPU.Deploy.0 = Release|Any CPU
		{6A50AB22-1687-419D-847E-4EDE0B3CF6BF}.Release|ARM.ActiveCfg = Release|Any CPU
		{6A50AB22-1687-419D-847E-4EDE0B3CF6BF}.Release|ARM.Build.0 = Release|Any CPU
		{6A50AB22-1687-419D-847E-4EDE0B3CF6BF}.Release|ARM.Deploy.0 = Release|Any CPU
		{6A50AB22-1687-419D-847E-4EDE0B3CF6BF}.Release|x64.ActiveCfg = Release|Any CPU
		{6A50AB22-1687-419D-847E-4EDE0B3CF6BF}.Release|x64.Build.0 = Release|Any CPU
		{6A50AB22-1687-419D-847E-4EDE0B3CF6BF}.Release|x64.Deploy.0 = Release|Any CPU
		{6A50AB22-1687-419D-847E-4EDE0B3CF6BF}.Release|x86.ActiveCfg = Release|Any CPU
		{6A50AB22-1687-419D-847E-4EDE0B3CF6BF}.Release|x86.Build.0 = Release|Any CPU
		{6A50AB22-1687-419D-847E-4EDE0B3CF6BF}.Release|x86.Deploy.0 = Release|Any CPU
		{A1EA6D95-F12F-48C1-9302-6954601B511D}.Debug|Any CPU.ActiveCfg = Debug|x86
		{A1EA6D95-F12F-48C1-9302-6954601B511D}.Debug|ARM.ActiveCfg = Debug|ARM
		{A1EA6D95-F12F-48C1-9302-6954601B511D}.Debug|ARM.Build.0 = Debug|ARM
		{A1EA6D95-F12F-48C1-9302-6954601B511D}.Debug|ARM.Deploy.0 = Debug|ARM
		{A1EA6D95-F12F-48C1-9302-6954601B511D}.Debug|x64.ActiveCfg = Debug|x64
		{A1EA6D95-F12F-48C1-9302-6954601B511D}.Debug|x64.Build.0 = Debug|x64
		{A1EA6D95-F12F-48C1-9302-6954601B511D}.Debug|x64.Deploy.0 = Debug|x64
		{A1EA6D95-F12F-48C1-9302-6954601B511D}.Debug|x86.ActiveCfg = Debug|x86
		{A1EA6D95-F12F-48C1-9302-6954601B511D}.Debug|x86.Build.0 = Debug|x86
		{A1EA6D95-F12F-48C1-9302-6954601B511D}.Debug|x86.Deploy.0 = Debug|x86
		{A1EA6D95-F12F-48C1-9302-6954601B511D}.Release|Any CPU.ActiveCfg = Release|x86
		{A1EA6D95-F12F-48C1-9302-6954601B511D}.Release|ARM.ActiveCfg = Release|ARM
		{A1EA6D95-F12F-48C1-9302-6954601B511D}.Release|ARM.Build.0 = Release|ARM
		{A1EA6D95-F12F-48C1-9302-6954601B511D}.Release|ARM.Deploy.0 = Release|ARM
		{A1EA6D95-F12F-48C1-9302-6954601B511D}.Release|x64.ActiveCfg = Release|x64
		{A1EA6D95-F12F-48C1-9302-6954601B511D}.Release|x64.Build.0 = Release|x64
		{A1EA6D95-F12F-48C1-9302-6954601B511D}.Release|x64.Deploy.0 = Release|x64
		{A1EA6D95-F12F-48C1-9302-6954601B511D}.Release|x86.ActiveCfg = Release|x86
		{A1EA6D95-F12F-48C1-9302-6954601B511D}.Release|x86.Build.0 = Release|x86
		{A1EA6D95-F12F-48C1-9302-6954601B511D}.Release|x86.Deploy.0 = Release|x86
		{185B7CC7-9023-4CF7-923F-9F6523A2D509}.Debug|Any CPU.ActiveCfg = Debug|Any CPU
		{185B7CC7-9023-4CF7-923F-9F6523A2D509}.Debug|Any CPU.Build.0 = Debug|Any CPU
		{185B7CC7-9023-4CF7-923F-9F6523A2D509}.Debug|ARM.ActiveCfg = Debug|Any CPU
		{185B7CC7-9023-4CF7-923F-9F6523A2D509}.Debug|ARM.Build.0 = Debug|Any CPU
		{185B7CC7-9023-4CF7-923F-9F6523A2D509}.Debug|x64.ActiveCfg = Debug|Any CPU
		{185B7CC7-9023-4CF7-923F-9F6523A2D509}.Debug|x64.Build.0 = Debug|Any CPU
		{185B7CC7-9023-4CF7-923F-9F6523A2D509}.Debug|x86.ActiveCfg = Debug|Any CPU
		{185B7CC7-9023-4CF7-923F-9F6523A2D509}.Debug|x86.Build.0 = Debug|Any CPU
		{185B7CC7-9023-4CF7-923F-9F6523A2D509}.Release|Any CPU.ActiveCfg = Release|Any CPU
		{185B7CC7-9023-4CF7-923F-9F6523A2D509}.Release|Any CPU.Build.0 = Release|Any CPU
		{185B7CC7-9023-4CF7-923F-9F6523A2D509}.Release|ARM.ActiveCfg = Release|Any CPU
		{185B7CC7-9023-4CF7-923F-9F6523A2D509}.Release|ARM.Build.0 = Release|Any CPU
		{185B7CC7-9023-4CF7-923F-9F6523A2D509}.Release|x64.ActiveCfg = Release|Any CPU
		{185B7CC7-9023-4CF7-923F-9F6523A2D509}.Release|x64.Build.0 = Release|Any CPU
		{185B7CC7-9023-4CF7-923F-9F6523A2D509}.Release|x86.ActiveCfg = Release|Any CPU
		{185B7CC7-9023-4CF7-923F-9F6523A2D509}.Release|x86.Build.0 = Release|Any CPU
		{22309E49-1510-4539-8AB8-A8C4AE7CB642}.Debug|Any CPU.ActiveCfg = Debug|Any CPU
		{22309E49-1510-4539-8AB8-A8C4AE7CB642}.Debug|Any CPU.Build.0 = Debug|Any CPU
		{22309E49-1510-4539-8AB8-A8C4AE7CB642}.Debug|ARM.ActiveCfg = Debug|Any CPU
		{22309E49-1510-4539-8AB8-A8C4AE7CB642}.Debug|ARM.Build.0 = Debug|Any CPU
		{22309E49-1510-4539-8AB8-A8C4AE7CB642}.Debug|x64.ActiveCfg = Debug|Any CPU
		{22309E49-1510-4539-8AB8-A8C4AE7CB642}.Debug|x64.Build.0 = Debug|Any CPU
		{22309E49-1510-4539-8AB8-A8C4AE7CB642}.Debug|x86.ActiveCfg = Debug|Any CPU
		{22309E49-1510-4539-8AB8-A8C4AE7CB642}.Debug|x86.Build.0 = Debug|Any CPU
		{22309E49-1510-4539-8AB8-A8C4AE7CB642}.Release|Any CPU.ActiveCfg = Release|Any CPU
		{22309E49-1510-4539-8AB8-A8C4AE7CB642}.Release|Any CPU.Build.0 = Release|Any CPU
		{22309E49-1510-4539-8AB8-A8C4AE7CB642}.Release|ARM.ActiveCfg = Release|Any CPU
		{22309E49-1510-4539-8AB8-A8C4AE7CB642}.Release|ARM.Build.0 = Release|Any CPU
		{22309E49-1510-4539-8AB8-A8C4AE7CB642}.Release|x64.ActiveCfg = Release|Any CPU
		{22309E49-1510-4539-8AB8-A8C4AE7CB642}.Release|x64.Build.0 = Release|Any CPU
		{22309E49-1510-4539-8AB8-A8C4AE7CB642}.Release|x86.ActiveCfg = Release|Any CPU
		{22309E49-1510-4539-8AB8-A8C4AE7CB642}.Release|x86.Build.0 = Release|Any CPU
	EndGlobalSection
	GlobalSection(SolutionProperties) = preSolution
		HideSolutionNode = FALSE
	EndGlobalSection
	GlobalSection(ExtensibilityGlobals) = postSolution
		SolutionGuid = {7BBD39DC-0E3C-48CC-BDE1-99B77916E2F6}
	EndGlobalSection
EndGlobal
