
Microsoft Visual Studio Solution File, Format Version 12.00
# Visual Studio 15
VisualStudioVersion = 15.0.27406.0
MinimumVisualStudioVersion = 10.0.40219.1
Project("{FAE04EC0-301F-11D3-BF4B-00C04F79EFBC}") = "MvxFormsVmDuplication.Android", "MvxFormsVmDuplication\MvxFormsVmDuplication.Android\MvxFormsVmDuplication.Android.csproj", "{6A50AB22-1687-419D-847E-4EDE0B3CF6BF}"
EndProject
Project("{FAE04EC0-301F-11D3-BF4B-00C04F79EFBC}") = "MvxFormsVmDuplication.iOS", "MvxFormsVmDuplication\MvxFormsVmDuplication.iOS\MvxFormsVmDuplication.iOS.csproj", "{5CF8EE9D-047C-4902-9410-2AD04B3AA44F}"
EndProject
Project("{FAE04EC0-301F-11D3-BF4B-00C04F79EFBC}") = "MvxFormsVmDuplication.UWP", "MvxFormsVmDuplication\MvxFormsVmDuplication.UWP\MvxFormsVmDuplication.UWP.csproj", "{A1EA6D95-F12F-48C1-9302-6954601B511D}"
EndProject
Project("{FAE04EC0-301F-11D3-BF4B-00C04F79EFBC}") = "MvxFormsVmDuplication", "MvxFormsVmDuplication\MvxFormsVmDuplication\MvxFormsVmDuplication.csproj", "{185B7CC7-9023-4CF7-923F-9F6523A2D509}"
EndProject
Global
	GlobalSection(SolutionConfigurationPlatforms) = preSolution
		Ad-Hoc|Any CPU = Ad-Hoc|Any CPU
		Ad-Hoc|ARM = Ad-Hoc|ARM
		Ad-Hoc|iPhone = Ad-Hoc|iPhone
		Ad-Hoc|iPhoneSimulator = Ad-Hoc|iPhoneSimulator
		Ad-Hoc|x64 = Ad-Hoc|x64
		Ad-Hoc|x86 = Ad-Hoc|x86
		AppStore|Any CPU = AppStore|Any CPU
		AppStore|ARM = AppStore|ARM
		AppStore|iPhone = AppStore|iPhone
		AppStore|iPhoneSimulator = AppStore|iPhoneSimulator
		AppStore|x64 = AppStore|x64
		AppStore|x86 = AppStore|x86
		Debug|Any CPU = Debug|Any CPU
		Debug|ARM = Debug|ARM
		Debug|iPhone = Debug|iPhone
		Debug|iPhoneSimulator = Debug|iPhoneSimulator
		Debug|x64 = Debug|x64
		Debug|x86 = Debug|x86
		Release|Any CPU = Release|Any CPU
		Release|ARM = Release|ARM
		Release|iPhone = Release|iPhone
		Release|iPhoneSimulator = Release|iPhoneSimulator
		Release|x64 = Release|x64
		Release|x86 = Release|x86
	EndGlobalSection
	GlobalSection(ProjectConfigurationPlatforms) = postSolution
		{6A50AB22-1687-419D-847E-4EDE0B3CF6BF}.Ad-Hoc|Any CPU.ActiveCfg = Release|Any CPU
		{6A50AB22-1687-419D-847E-4EDE0B3CF6BF}.Ad-Hoc|Any CPU.Build.0 = Release|Any CPU
		{6A50AB22-1687-419D-847E-4EDE0B3CF6BF}.Ad-Hoc|Any CPU.Deploy.0 = Release|Any CPU
		{6A50AB22-1687-419D-847E-4EDE0B3CF6BF}.Ad-Hoc|ARM.ActiveCfg = Release|Any CPU
		{6A50AB22-1687-419D-847E-4EDE0B3CF6BF}.Ad-Hoc|ARM.Build.0 = Release|Any CPU
		{6A50AB22-1687-419D-847E-4EDE0B3CF6BF}.Ad-Hoc|ARM.Deploy.0 = Release|Any CPU
		{6A50AB22-1687-419D-847E-4EDE0B3CF6BF}.Ad-Hoc|iPhone.ActiveCfg = Release|Any CPU
		{6A50AB22-1687-419D-847E-4EDE0B3CF6BF}.Ad-Hoc|iPhone.Build.0 = Release|Any CPU
		{6A50AB22-1687-419D-847E-4EDE0B3CF6BF}.Ad-Hoc|iPhone.Deploy.0 = Release|Any CPU
		{6A50AB22-1687-419D-847E-4EDE0B3CF6BF}.Ad-Hoc|iPhoneSimulator.ActiveCfg = Release|Any CPU
		{6A50AB22-1687-419D-847E-4EDE0B3CF6BF}.Ad-Hoc|iPhoneSimulator.Build.0 = Release|Any CPU
		{6A50AB22-1687-419D-847E-4EDE0B3CF6BF}.Ad-Hoc|iPhoneSimulator.Deploy.0 = Release|Any CPU
		{6A50AB22-1687-419D-847E-4EDE0B3CF6BF}.Ad-Hoc|x64.ActiveCfg = Release|Any CPU
		{6A50AB22-1687-419D-847E-4EDE0B3CF6BF}.Ad-Hoc|x64.Build.0 = Release|Any CPU
		{6A50AB22-1687-419D-847E-4EDE0B3CF6BF}.Ad-Hoc|x64.Deploy.0 = Release|Any CPU
		{6A50AB22-1687-419D-847E-4EDE0B3CF6BF}.Ad-Hoc|x86.ActiveCfg = Release|Any CPU
		{6A50AB22-1687-419D-847E-4EDE0B3CF6BF}.Ad-Hoc|x86.Build.0 = Release|Any CPU
		{6A50AB22-1687-419D-847E-4EDE0B3CF6BF}.Ad-Hoc|x86.Deploy.0 = Release|Any CPU
		{6A50AB22-1687-419D-847E-4EDE0B3CF6BF}.AppStore|Any CPU.ActiveCfg = Release|Any CPU
		{6A50AB22-1687-419D-847E-4EDE0B3CF6BF}.AppStore|Any CPU.Build.0 = Release|Any CPU
		{6A50AB22-1687-419D-847E-4EDE0B3CF6BF}.AppStore|Any CPU.Deploy.0 = Release|Any CPU
		{6A50AB22-1687-419D-847E-4EDE0B3CF6BF}.AppStore|ARM.ActiveCfg = Release|Any CPU
		{6A50AB22-1687-419D-847E-4EDE0B3CF6BF}.AppStore|ARM.Build.0 = Release|Any CPU
		{6A50AB22-1687-419D-847E-4EDE0B3CF6BF}.AppStore|ARM.Deploy.0 = Release|Any CPU
		{6A50AB22-1687-419D-847E-4EDE0B3CF6BF}.AppStore|iPhone.ActiveCfg = Release|Any CPU
		{6A50AB22-1687-419D-847E-4EDE0B3CF6BF}.AppStore|iPhone.Build.0 = Release|Any CPU
		{6A50AB22-1687-419D-847E-4EDE0B3CF6BF}.AppStore|iPhone.Deploy.0 = Release|Any CPU
		{6A50AB22-1687-419D-847E-4EDE0B3CF6BF}.AppStore|iPhoneSimulator.ActiveCfg = Release|Any CPU
		{6A50AB22-1687-419D-847E-4EDE0B3CF6BF}.AppStore|iPhoneSimulator.Build.0 = Release|Any CPU
		{6A50AB22-1687-419D-847E-4EDE0B3CF6BF}.AppStore|iPhoneSimulator.Deploy.0 = Release|Any CPU
		{6A50AB22-1687-419D-847E-4EDE0B3CF6BF}.AppStore|x64.ActiveCfg = Release|Any CPU
		{6A50AB22-1687-419D-847E-4EDE0B3CF6BF}.AppStore|x64.Build.0 = Release|Any CPU
		{6A50AB22-1687-419D-847E-4EDE0B3CF6BF}.AppStore|x64.Deploy.0 = Release|Any CPU
		{6A50AB22-1687-419D-847E-4EDE0B3CF6BF}.AppStore|x86.ActiveCfg = Release|Any CPU
		{6A50AB22-1687-419D-847E-4EDE0B3CF6BF}.AppStore|x86.Build.0 = Release|Any CPU
		{6A50AB22-1687-419D-847E-4EDE0B3CF6BF}.AppStore|x86.Deploy.0 = Release|Any CPU
		{6A50AB22-1687-419D-847E-4EDE0B3CF6BF}.Debug|Any CPU.ActiveCfg = Debug|Any CPU
		{6A50AB22-1687-419D-847E-4EDE0B3CF6BF}.Debug|Any CPU.Build.0 = Debug|Any CPU
		{6A50AB22-1687-419D-847E-4EDE0B3CF6BF}.Debug|Any CPU.Deploy.0 = Debug|Any CPU
		{6A50AB22-1687-419D-847E-4EDE0B3CF6BF}.Debug|ARM.ActiveCfg = Debug|Any CPU
		{6A50AB22-1687-419D-847E-4EDE0B3CF6BF}.Debug|ARM.Build.0 = Debug|Any CPU
		{6A50AB22-1687-419D-847E-4EDE0B3CF6BF}.Debug|ARM.Deploy.0 = Debug|Any CPU
		{6A50AB22-1687-419D-847E-4EDE0B3CF6BF}.Debug|iPhone.ActiveCfg = Debug|Any CPU
		{6A50AB22-1687-419D-847E-4EDE0B3CF6BF}.Debug|iPhone.Build.0 = Debug|Any CPU
		{6A50AB22-1687-419D-847E-4EDE0B3CF6BF}.Debug|iPhone.Deploy.0 = Debug|Any CPU
		{6A50AB22-1687-419D-847E-4EDE0B3CF6BF}.Debug|iPhoneSimulator.ActiveCfg = Debug|Any CPU
		{6A50AB22-1687-419D-847E-4EDE0B3CF6BF}.Debug|iPhoneSimulator.Build.0 = Debug|Any CPU
		{6A50AB22-1687-419D-847E-4EDE0B3CF6BF}.Debug|iPhoneSimulator.Deploy.0 = Debug|Any CPU
		{6A50AB22-1687-419D-847E-4EDE0B3CF6BF}.Debug|x64.ActiveCfg = Debug|Any CPU
		{6A50AB22-1687-419D-847E-4EDE0B3CF6BF}.Debug|x64.Build.0 = Debug|Any CPU
		{6A50AB22-1687-419D-847E-4EDE0B3CF6BF}.Debug|x64.Deploy.0 = Debug|Any CPU
		{6A50AB22-1687-419D-847E-4EDE0B3CF6BF}.Debug|x86.ActiveCfg = Debug|Any CPU
		{6A50AB22-1687-419D-847E-4EDE0B3CF6BF}.Debug|x86.Build.0 = Debug|Any CPU
		{6A50AB22-1687-419D-847E-4EDE0B3CF6BF}.Debug|x86.Deploy.0 = Debug|Any CPU
		{6A50AB22-1687-419D-847E-4EDE0B3CF6BF}.Release|Any CPU.ActiveCfg = Release|Any CPU
		{6A50AB22-1687-419D-847E-4EDE0B3CF6BF}.Release|Any CPU.Build.0 = Release|Any CPU
		{6A50AB22-1687-419D-847E-4EDE0B3CF6BF}.Release|Any CPU.Deploy.0 = Release|Any CPU
		{6A50AB22-1687-419D-847E-4EDE0B3CF6BF}.Release|ARM.ActiveCfg = Release|Any CPU
		{6A50AB22-1687-419D-847E-4EDE0B3CF6BF}.Release|ARM.Build.0 = Release|Any CPU
		{6A50AB22-1687-419D-847E-4EDE0B3CF6BF}.Release|ARM.Deploy.0 = Release|Any CPU
		{6A50AB22-1687-419D-847E-4EDE0B3CF6BF}.Release|iPhone.ActiveCfg = Release|Any CPU
		{6A50AB22-1687-419D-847E-4EDE0B3CF6BF}.Release|iPhone.Build.0 = Release|Any CPU
		{6A50AB22-1687-419D-847E-4EDE0B3CF6BF}.Release|iPhone.Deploy.0 = Release|Any CPU
		{6A50AB22-1687-419D-847E-4EDE0B3CF6BF}.Release|iPhoneSimulator.ActiveCfg = Release|Any CPU
		{6A50AB22-1687-419D-847E-4EDE0B3CF6BF}.Release|iPhoneSimulator.Build.0 = Release|Any CPU
		{6A50AB22-1687-419D-847E-4EDE0B3CF6BF}.Release|iPhoneSimulator.Deploy.0 = Release|Any CPU
		{6A50AB22-1687-419D-847E-4EDE0B3CF6BF}.Release|x64.ActiveCfg = Release|Any CPU
		{6A50AB22-1687-419D-847E-4EDE0B3CF6BF}.Release|x64.Build.0 = Release|Any CPU
		{6A50AB22-1687-419D-847E-4EDE0B3CF6BF}.Release|x64.Deploy.0 = Release|Any CPU
		{6A50AB22-1687-419D-847E-4EDE0B3CF6BF}.Release|x86.ActiveCfg = Release|Any CPU
		{6A50AB22-1687-419D-847E-4EDE0B3CF6BF}.Release|x86.Build.0 = Release|Any CPU
		{6A50AB22-1687-419D-847E-4EDE0B3CF6BF}.Release|x86.Deploy.0 = Release|Any CPU
		{5CF8EE9D-047C-4902-9410-2AD04B3AA44F}.Ad-Hoc|Any CPU.ActiveCfg = Ad-Hoc|iPhone
		{5CF8EE9D-047C-4902-9410-2AD04B3AA44F}.Ad-Hoc|ARM.ActiveCfg = Ad-Hoc|iPhone
		{5CF8EE9D-047C-4902-9410-2AD04B3AA44F}.Ad-Hoc|iPhone.ActiveCfg = Ad-Hoc|iPhone
		{5CF8EE9D-047C-4902-9410-2AD04B3AA44F}.Ad-Hoc|iPhone.Build.0 = Ad-Hoc|iPhone
		{5CF8EE9D-047C-4902-9410-2AD04B3AA44F}.Ad-Hoc|iPhoneSimulator.ActiveCfg = Ad-Hoc|iPhoneSimulator
		{5CF8EE9D-047C-4902-9410-2AD04B3AA44F}.Ad-Hoc|iPhoneSimulator.Build.0 = Ad-Hoc|iPhoneSimulator
		{5CF8EE9D-047C-4902-9410-2AD04B3AA44F}.Ad-Hoc|x64.ActiveCfg = Ad-Hoc|iPhone
		{5CF8EE9D-047C-4902-9410-2AD04B3AA44F}.Ad-Hoc|x86.ActiveCfg = Ad-Hoc|iPhone
		{5CF8EE9D-047C-4902-9410-2AD04B3AA44F}.AppStore|Any CPU.ActiveCfg = AppStore|iPhone
		{5CF8EE9D-047C-4902-9410-2AD04B3AA44F}.AppStore|ARM.ActiveCfg = AppStore|iPhone
		{5CF8EE9D-047C-4902-9410-2AD04B3AA44F}.AppStore|iPhone.ActiveCfg = AppStore|iPhone
		{5CF8EE9D-047C-4902-9410-2AD04B3AA44F}.AppStore|iPhone.Build.0 = AppStore|iPhone
		{5CF8EE9D-047C-4902-9410-2AD04B3AA44F}.AppStore|iPhoneSimulator.ActiveCfg = AppStore|iPhoneSimulator
		{5CF8EE9D-047C-4902-9410-2AD04B3AA44F}.AppStore|iPhoneSimulator.Build.0 = AppStore|iPhoneSimulator
		{5CF8EE9D-047C-4902-9410-2AD04B3AA44F}.AppStore|x64.ActiveCfg = AppStore|iPhone
		{5CF8EE9D-047C-4902-9410-2AD04B3AA44F}.AppStore|x86.ActiveCfg = AppStore|iPhone
		{5CF8EE9D-047C-4902-9410-2AD04B3AA44F}.Debug|Any CPU.ActiveCfg = Debug|iPhone
		{5CF8EE9D-047C-4902-9410-2AD04B3AA44F}.Debug|ARM.ActiveCfg = Debug|iPhone
		{5CF8EE9D-047C-4902-9410-2AD04B3AA44F}.Debug|iPhone.ActiveCfg = Debug|iPhone
		{5CF8EE9D-047C-4902-9410-2AD04B3AA44F}.Debug|iPhone.Build.0 = Debug|iPhone
		{5CF8EE9D-047C-4902-9410-2AD04B3AA44F}.Debug|iPhoneSimulator.ActiveCfg = Debug|iPhoneSimulator
		{5CF8EE9D-047C-4902-9410-2AD04B3AA44F}.Debug|iPhoneSimulator.Build.0 = Debug|iPhoneSimulator
		{5CF8EE9D-047C-4902-9410-2AD04B3AA44F}.Debug|x64.ActiveCfg = Debug|iPhone
		{5CF8EE9D-047C-4902-9410-2AD04B3AA44F}.Debug|x86.ActiveCfg = Debug|iPhone
		{5CF8EE9D-047C-4902-9410-2AD04B3AA44F}.Release|Any CPU.ActiveCfg = Release|iPhone
		{5CF8EE9D-047C-4902-9410-2AD04B3AA44F}.Release|ARM.ActiveCfg = Release|iPhone
		{5CF8EE9D-047C-4902-9410-2AD04B3AA44F}.Release|iPhone.ActiveCfg = Release|iPhone
		{5CF8EE9D-047C-4902-9410-2AD04B3AA44F}.Release|iPhone.Build.0 = Release|iPhone
		{5CF8EE9D-047C-4902-9410-2AD04B3AA44F}.Release|iPhoneSimulator.ActiveCfg = Release|iPhoneSimulator
		{5CF8EE9D-047C-4902-9410-2AD04B3AA44F}.Release|iPhoneSimulator.Build.0 = Release|iPhoneSimulator
		{5CF8EE9D-047C-4902-9410-2AD04B3AA44F}.Release|x64.ActiveCfg = Release|iPhone
		{5CF8EE9D-047C-4902-9410-2AD04B3AA44F}.Release|x86.ActiveCfg = Release|iPhone
		{A1EA6D95-F12F-48C1-9302-6954601B511D}.Ad-Hoc|Any CPU.ActiveCfg = Release|x86
		{A1EA6D95-F12F-48C1-9302-6954601B511D}.Ad-Hoc|Any CPU.Build.0 = Release|x86
		{A1EA6D95-F12F-48C1-9302-6954601B511D}.Ad-Hoc|Any CPU.Deploy.0 = Release|x86
		{A1EA6D95-F12F-48C1-9302-6954601B511D}.Ad-Hoc|ARM.ActiveCfg = Release|ARM
		{A1EA6D95-F12F-48C1-9302-6954601B511D}.Ad-Hoc|ARM.Build.0 = Release|ARM
		{A1EA6D95-F12F-48C1-9302-6954601B511D}.Ad-Hoc|ARM.Deploy.0 = Release|ARM
		{A1EA6D95-F12F-48C1-9302-6954601B511D}.Ad-Hoc|iPhone.ActiveCfg = Release|x86
		{A1EA6D95-F12F-48C1-9302-6954601B511D}.Ad-Hoc|iPhone.Build.0 = Release|x86
		{A1EA6D95-F12F-48C1-9302-6954601B511D}.Ad-Hoc|iPhone.Deploy.0 = Release|x86
		{A1EA6D95-F12F-48C1-9302-6954601B511D}.Ad-Hoc|iPhoneSimulator.ActiveCfg = Release|x86
		{A1EA6D95-F12F-48C1-9302-6954601B511D}.Ad-Hoc|iPhoneSimulator.Build.0 = Release|x86
		{A1EA6D95-F12F-48C1-9302-6954601B511D}.Ad-Hoc|iPhoneSimulator.Deploy.0 = Release|x86
		{A1EA6D95-F12F-48C1-9302-6954601B511D}.Ad-Hoc|x64.ActiveCfg = Release|x64
		{A1EA6D95-F12F-48C1-9302-6954601B511D}.Ad-Hoc|x64.Build.0 = Release|x64
		{A1EA6D95-F12F-48C1-9302-6954601B511D}.Ad-Hoc|x64.Deploy.0 = Release|x64
		{A1EA6D95-F12F-48C1-9302-6954601B511D}.Ad-Hoc|x86.ActiveCfg = Release|x86
		{A1EA6D95-F12F-48C1-9302-6954601B511D}.Ad-Hoc|x86.Build.0 = Release|x86
		{A1EA6D95-F12F-48C1-9302-6954601B511D}.Ad-Hoc|x86.Deploy.0 = Release|x86
		{A1EA6D95-F12F-48C1-9302-6954601B511D}.AppStore|Any CPU.ActiveCfg = Release|x86
		{A1EA6D95-F12F-48C1-9302-6954601B511D}.AppStore|Any CPU.Build.0 = Release|x86
		{A1EA6D95-F12F-48C1-9302-6954601B511D}.AppStore|Any CPU.Deploy.0 = Release|x86
		{A1EA6D95-F12F-48C1-9302-6954601B511D}.AppStore|ARM.ActiveCfg = Release|ARM
		{A1EA6D95-F12F-48C1-9302-6954601B511D}.AppStore|ARM.Build.0 = Release|ARM
		{A1EA6D95-F12F-48C1-9302-6954601B511D}.AppStore|ARM.Deploy.0 = Release|ARM
		{A1EA6D95-F12F-48C1-9302-6954601B511D}.AppStore|iPhone.ActiveCfg = Release|x86
		{A1EA6D95-F12F-48C1-9302-6954601B511D}.AppStore|iPhone.Build.0 = Release|x86
		{A1EA6D95-F12F-48C1-9302-6954601B511D}.AppStore|iPhone.Deploy.0 = Release|x86
		{A1EA6D95-F12F-48C1-9302-6954601B511D}.AppStore|iPhoneSimulator.ActiveCfg = Release|x86
		{A1EA6D95-F12F-48C1-9302-6954601B511D}.AppStore|iPhoneSimulator.Build.0 = Release|x86
		{A1EA6D95-F12F-48C1-9302-6954601B511D}.AppStore|iPhoneSimulator.Deploy.0 = Release|x86
		{A1EA6D95-F12F-48C1-9302-6954601B511D}.AppStore|x64.ActiveCfg = Release|x64
		{A1EA6D95-F12F-48C1-9302-6954601B511D}.AppStore|x64.Build.0 = Release|x64
		{A1EA6D95-F12F-48C1-9302-6954601B511D}.AppStore|x64.Deploy.0 = Release|x64
		{A1EA6D95-F12F-48C1-9302-6954601B511D}.AppStore|x86.ActiveCfg = Release|x86
		{A1EA6D95-F12F-48C1-9302-6954601B511D}.AppStore|x86.Build.0 = Release|x86
		{A1EA6D95-F12F-48C1-9302-6954601B511D}.AppStore|x86.Deploy.0 = Release|x86
		{A1EA6D95-F12F-48C1-9302-6954601B511D}.Debug|Any CPU.ActiveCfg = Debug|x86
		{A1EA6D95-F12F-48C1-9302-6954601B511D}.Debug|ARM.ActiveCfg = Debug|ARM
		{A1EA6D95-F12F-48C1-9302-6954601B511D}.Debug|ARM.Build.0 = Debug|ARM
		{A1EA6D95-F12F-48C1-9302-6954601B511D}.Debug|ARM.Deploy.0 = Debug|ARM
		{A1EA6D95-F12F-48C1-9302-6954601B511D}.Debug|iPhone.ActiveCfg = Debug|x86
		{A1EA6D95-F12F-48C1-9302-6954601B511D}.Debug|iPhoneSimulator.ActiveCfg = Debug|x86
		{A1EA6D95-F12F-48C1-9302-6954601B511D}.Debug|x64.ActiveCfg = Debug|x64
		{A1EA6D95-F12F-48C1-9302-6954601B511D}.Debug|x64.Build.0 = Debug|x64
		{A1EA6D95-F12F-48C1-9302-6954601B511D}.Debug|x64.Deploy.0 = Debug|x64
		{A1EA6D95-F12F-48C1-9302-6954601B511D}.Debug|x86.ActiveCfg = Debug|x86
		{A1EA6D95-F12F-48C1-9302-6954601B511D}.Debug|x86.Build.0 = Debug|x86
		{A1EA6D95-F12F-48C1-9302-6954601B511D}.Debug|x86.Deploy.0 = Debug|x86
		{A1EA6D95-F12F-48C1-9302-6954601B511D}.Release|Any CPU.ActiveCfg = Release|x86
		{A1EA6D95-F12F-48C1-9302-6954601B511D}.Release|ARM.ActiveCfg = Release|ARM
		{A1EA6D95-F12F-48C1-9302-6954601B511D}.Release|ARM.Build.0 = Release|ARM
		{A1EA6D95-F12F-48C1-9302-6954601B511D}.Release|ARM.Deploy.0 = Release|ARM
		{A1EA6D95-F12F-48C1-9302-6954601B511D}.Release|iPhone.ActiveCfg = Release|x86
		{A1EA6D95-F12F-48C1-9302-6954601B511D}.Release|iPhoneSimulator.ActiveCfg = Release|x86
		{A1EA6D95-F12F-48C1-9302-6954601B511D}.Release|x64.ActiveCfg = Release|x64
		{A1EA6D95-F12F-48C1-9302-6954601B511D}.Release|x64.Build.0 = Release|x64
		{A1EA6D95-F12F-48C1-9302-6954601B511D}.Release|x64.Deploy.0 = Release|x64
		{A1EA6D95-F12F-48C1-9302-6954601B511D}.Release|x86.ActiveCfg = Release|x86
		{A1EA6D95-F12F-48C1-9302-6954601B511D}.Release|x86.Build.0 = Release|x86
		{A1EA6D95-F12F-48C1-9302-6954601B511D}.Release|x86.Deploy.0 = Release|x86
		{185B7CC7-9023-4CF7-923F-9F6523A2D509}.Ad-Hoc|Any CPU.ActiveCfg = Debug|Any CPU
		{185B7CC7-9023-4CF7-923F-9F6523A2D509}.Ad-Hoc|Any CPU.Build.0 = Debug|Any CPU
		{185B7CC7-9023-4CF7-923F-9F6523A2D509}.Ad-Hoc|ARM.ActiveCfg = Debug|Any CPU
		{185B7CC7-9023-4CF7-923F-9F6523A2D509}.Ad-Hoc|ARM.Build.0 = Debug|Any CPU
		{185B7CC7-9023-4CF7-923F-9F6523A2D509}.Ad-Hoc|iPhone.ActiveCfg = Debug|Any CPU
		{185B7CC7-9023-4CF7-923F-9F6523A2D509}.Ad-Hoc|iPhone.Build.0 = Debug|Any CPU
		{185B7CC7-9023-4CF7-923F-9F6523A2D509}.Ad-Hoc|iPhoneSimulator.ActiveCfg = Debug|Any CPU
		{185B7CC7-9023-4CF7-923F-9F6523A2D509}.Ad-Hoc|iPhoneSimulator.Build.0 = Debug|Any CPU
		{185B7CC7-9023-4CF7-923F-9F6523A2D509}.Ad-Hoc|x64.ActiveCfg = Debug|Any CPU
		{185B7CC7-9023-4CF7-923F-9F6523A2D509}.Ad-Hoc|x64.Build.0 = Debug|Any CPU
		{185B7CC7-9023-4CF7-923F-9F6523A2D509}.Ad-Hoc|x86.ActiveCfg = Debug|Any CPU
		{185B7CC7-9023-4CF7-923F-9F6523A2D509}.Ad-Hoc|x86.Build.0 = Debug|Any CPU
		{185B7CC7-9023-4CF7-923F-9F6523A2D509}.AppStore|Any CPU.ActiveCfg = Debug|Any CPU
		{185B7CC7-9023-4CF7-923F-9F6523A2D509}.AppStore|Any CPU.Build.0 = Debug|Any CPU
		{185B7CC7-9023-4CF7-923F-9F6523A2D509}.AppStore|ARM.ActiveCfg = Debug|Any CPU
		{185B7CC7-9023-4CF7-923F-9F6523A2D509}.AppStore|ARM.Build.0 = Debug|Any CPU
		{185B7CC7-9023-4CF7-923F-9F6523A2D509}.AppStore|iPhone.ActiveCfg = Debug|Any CPU
		{185B7CC7-9023-4CF7-923F-9F6523A2D509}.AppStore|iPhone.Build.0 = Debug|Any CPU
		{185B7CC7-9023-4CF7-923F-9F6523A2D509}.AppStore|iPhoneSimulator.ActiveCfg = Debug|Any CPU
		{185B7CC7-9023-4CF7-923F-9F6523A2D509}.AppStore|iPhoneSimulator.Build.0 = Debug|Any CPU
		{185B7CC7-9023-4CF7-923F-9F6523A2D509}.AppStore|x64.ActiveCfg = Debug|Any CPU
		{185B7CC7-9023-4CF7-923F-9F6523A2D509}.AppStore|x64.Build.0 = Debug|Any CPU
		{185B7CC7-9023-4CF7-923F-9F6523A2D509}.AppStore|x86.ActiveCfg = Debug|Any CPU
		{185B7CC7-9023-4CF7-923F-9F6523A2D509}.AppStore|x86.Build.0 = Debug|Any CPU
		{185B7CC7-9023-4CF7-923F-9F6523A2D509}.Debug|Any CPU.ActiveCfg = Debug|Any CPU
		{185B7CC7-9023-4CF7-923F-9F6523A2D509}.Debug|Any CPU.Build.0 = Debug|Any CPU
		{185B7CC7-9023-4CF7-923F-9F6523A2D509}.Debug|ARM.ActiveCfg = Debug|Any CPU
		{185B7CC7-9023-4CF7-923F-9F6523A2D509}.Debug|ARM.Build.0 = Debug|Any CPU
		{185B7CC7-9023-4CF7-923F-9F6523A2D509}.Debug|iPhone.ActiveCfg = Debug|Any CPU
		{185B7CC7-9023-4CF7-923F-9F6523A2D509}.Debug|iPhone.Build.0 = Debug|Any CPU
		{185B7CC7-9023-4CF7-923F-9F6523A2D509}.Debug|iPhoneSimulator.ActiveCfg = Debug|Any CPU
		{185B7CC7-9023-4CF7-923F-9F6523A2D509}.Debug|iPhoneSimulator.Build.0 = Debug|Any CPU
		{185B7CC7-9023-4CF7-923F-9F6523A2D509}.Debug|x64.ActiveCfg = Debug|Any CPU
		{185B7CC7-9023-4CF7-923F-9F6523A2D509}.Debug|x64.Build.0 = Debug|Any CPU
		{185B7CC7-9023-4CF7-923F-9F6523A2D509}.Debug|x86.ActiveCfg = Debug|Any CPU
		{185B7CC7-9023-4CF7-923F-9F6523A2D509}.Debug|x86.Build.0 = Debug|Any CPU
		{185B7CC7-9023-4CF7-923F-9F6523A2D509}.Release|Any CPU.ActiveCfg = Release|Any CPU
		{185B7CC7-9023-4CF7-923F-9F6523A2D509}.Release|Any CPU.Build.0 = Release|Any CPU
		{185B7CC7-9023-4CF7-923F-9F6523A2D509}.Release|ARM.ActiveCfg = Release|Any CPU
		{185B7CC7-9023-4CF7-923F-9F6523A2D509}.Release|ARM.Build.0 = Release|Any CPU
		{185B7CC7-9023-4CF7-923F-9F6523A2D509}.Release|iPhone.ActiveCfg = Release|Any CPU
		{185B7CC7-9023-4CF7-923F-9F6523A2D509}.Release|iPhone.Build.0 = Release|Any CPU
		{185B7CC7-9023-4CF7-923F-9F6523A2D509}.Release|iPhoneSimulator.ActiveCfg = Release|Any CPU
		{185B7CC7-9023-4CF7-923F-9F6523A2D509}.Release|iPhoneSimulator.Build.0 = Release|Any CPU
		{185B7CC7-9023-4CF7-923F-9F6523A2D509}.Release|x64.ActiveCfg = Release|Any CPU
		{185B7CC7-9023-4CF7-923F-9F6523A2D509}.Release|x64.Build.0 = Release|Any CPU
		{185B7CC7-9023-4CF7-923F-9F6523A2D509}.Release|x86.ActiveCfg = Release|Any CPU
		{185B7CC7-9023-4CF7-923F-9F6523A2D509}.Release|x86.Build.0 = Release|Any CPU
	EndGlobalSection
	GlobalSection(SolutionProperties) = preSolution
		HideSolutionNode = FALSE
	EndGlobalSection
	GlobalSection(ExtensibilityGlobals) = postSolution
		SolutionGuid = {7BBD39DC-0E3C-48CC-BDE1-99B77916E2F6}
	EndGlobalSection
EndGlobal
